// !$*UTF8*$!
{
	archiveVersion = 1;
	classes = {
	};
	objectVersion = 50;
	objects = {

/* Begin PBXBuildFile section */
		DC01BAD02239A448001FEA94 /* Pods_Bookbeep.framework in Frameworks */ = {isa = PBXBuildFile; fileRef = 1C1B653CC5D5853B626E4D19 /* Pods_Bookbeep.framework */; };
		DC1DB9C02238376600300224 /* BookbeepTests.swift in Sources */ = {isa = PBXBuildFile; fileRef = DC1DB9BF2238376600300224 /* BookbeepTests.swift */; };
		DC1DB9C9223841E300300224 /* BookTableViewCell.swift in Sources */ = {isa = PBXBuildFile; fileRef = DC1DB9C8223841E300300224 /* BookTableViewCell.swift */; };
		DC1DB9CB223847EE00300224 /* BookTableViewController.swift in Sources */ = {isa = PBXBuildFile; fileRef = DC1DB9CA223847EE00300224 /* BookTableViewController.swift */; };
		DC37004022382A890039BFF0 /* Book.swift in Sources */ = {isa = PBXBuildFile; fileRef = DC37003F22382A890039BFF0 /* Book.swift */; };
		DC8951452233EFA700E33D14 /* AppDelegate.swift in Sources */ = {isa = PBXBuildFile; fileRef = DC8951442233EFA700E33D14 /* AppDelegate.swift */; };
		DC8951472233EFA700E33D14 /* ViewController.swift in Sources */ = {isa = PBXBuildFile; fileRef = DC8951462233EFA700E33D14 /* ViewController.swift */; };
		DC89514A2233EFA700E33D14 /* Main.storyboard in Resources */ = {isa = PBXBuildFile; fileRef = DC8951482233EFA700E33D14 /* Main.storyboard */; };
		DC89514C2233EFA800E33D14 /* Assets.xcassets in Resources */ = {isa = PBXBuildFile; fileRef = DC89514B2233EFA800E33D14 /* Assets.xcassets */; };
		DC89514F2233EFA800E33D14 /* LaunchScreen.storyboard in Resources */ = {isa = PBXBuildFile; fileRef = DC89514D2233EFA800E33D14 /* LaunchScreen.storyboard */; };
/* End PBXBuildFile section */

/* Begin PBXContainerItemProxy section */
		DC1DB9C22238376600300224 /* PBXContainerItemProxy */ = {
			isa = PBXContainerItemProxy;
			containerPortal = DC8951392233EFA700E33D14 /* Project object */;
			proxyType = 1;
			remoteGlobalIDString = DC8951402233EFA700E33D14;
			remoteInfo = Bookbeep;
		};
/* End PBXContainerItemProxy section */

/* Begin PBXFileReference section */
		1C1B653CC5D5853B626E4D19 /* Pods_Bookbeep.framework */ = {isa = PBXFileReference; explicitFileType = wrapper.framework; includeInIndex = 0; path = Pods_Bookbeep.framework; sourceTree = BUILT_PRODUCTS_DIR; };
		B21444EC86BB911CB1DC8FC2 /* Pods-Bookbeep.release.xcconfig */ = {isa = PBXFileReference; includeInIndex = 1; lastKnownFileType = text.xcconfig; name = "Pods-Bookbeep.release.xcconfig"; path = "Target Support Files/Pods-Bookbeep/Pods-Bookbeep.release.xcconfig"; sourceTree = "<group>"; };
		DC1DB9B7223836B500300224 /* XCTest.framework */ = {isa = PBXFileReference; lastKnownFileType = wrapper.framework; name = XCTest.framework; path = Platforms/iPhoneOS.platform/Developer/Library/Frameworks/XCTest.framework; sourceTree = DEVELOPER_DIR; };
		DC1DB9BD2238376600300224 /* BookbeepTests.xctest */ = {isa = PBXFileReference; explicitFileType = wrapper.cfbundle; includeInIndex = 0; path = BookbeepTests.xctest; sourceTree = BUILT_PRODUCTS_DIR; };
		DC1DB9BF2238376600300224 /* BookbeepTests.swift */ = {isa = PBXFileReference; lastKnownFileType = sourcecode.swift; path = BookbeepTests.swift; sourceTree = "<group>"; };
		DC1DB9C12238376600300224 /* Info.plist */ = {isa = PBXFileReference; lastKnownFileType = text.plist.xml; path = Info.plist; sourceTree = "<group>"; };
		DC1DB9C8223841E300300224 /* BookTableViewCell.swift */ = {isa = PBXFileReference; lastKnownFileType = sourcecode.swift; path = BookTableViewCell.swift; sourceTree = "<group>"; };
		DC1DB9CA223847EE00300224 /* BookTableViewController.swift */ = {isa = PBXFileReference; lastKnownFileType = sourcecode.swift; path = BookTableViewController.swift; sourceTree = "<group>"; };
		DC37003F22382A890039BFF0 /* Book.swift */ = {isa = PBXFileReference; lastKnownFileType = sourcecode.swift; path = Book.swift; sourceTree = "<group>"; };
		DC8951412233EFA700E33D14 /* Bookbeep.app */ = {isa = PBXFileReference; explicitFileType = wrapper.application; includeInIndex = 0; path = Bookbeep.app; sourceTree = BUILT_PRODUCTS_DIR; };
		DC8951442233EFA700E33D14 /* AppDelegate.swift */ = {isa = PBXFileReference; lastKnownFileType = sourcecode.swift; path = AppDelegate.swift; sourceTree = "<group>"; };
		DC8951462233EFA700E33D14 /* ViewController.swift */ = {isa = PBXFileReference; lastKnownFileType = sourcecode.swift; path = ViewController.swift; sourceTree = "<group>"; };
		DC8951492233EFA700E33D14 /* Base */ = {isa = PBXFileReference; lastKnownFileType = file.storyboard; name = Base; path = Base.lproj/Main.storyboard; sourceTree = "<group>"; };
		DC89514B2233EFA800E33D14 /* Assets.xcassets */ = {isa = PBXFileReference; lastKnownFileType = folder.assetcatalog; path = Assets.xcassets; sourceTree = "<group>"; };
		DC89514E2233EFA800E33D14 /* Base */ = {isa = PBXFileReference; lastKnownFileType = file.storyboard; name = Base; path = Base.lproj/LaunchScreen.storyboard; sourceTree = "<group>"; };
		DC8951502233EFA800E33D14 /* Info.plist */ = {isa = PBXFileReference; lastKnownFileType = text.plist.xml; path = Info.plist; sourceTree = "<group>"; };
		F8BAC41A7AD48333FB67CF57 /* Pods-Bookbeep.debug.xcconfig */ = {isa = PBXFileReference; includeInIndex = 1; lastKnownFileType = text.xcconfig; name = "Pods-Bookbeep.debug.xcconfig"; path = "Target Support Files/Pods-Bookbeep/Pods-Bookbeep.debug.xcconfig"; sourceTree = "<group>"; };
/* End PBXFileReference section */

/* Begin PBXFrameworksBuildPhase section */
		DC1DB9BA2238376600300224 /* Frameworks */ = {
			isa = PBXFrameworksBuildPhase;
			buildActionMask = 2147483647;
			files = (
			);
			runOnlyForDeploymentPostprocessing = 0;
		};
		DC89513E2233EFA700E33D14 /* Frameworks */ = {
			isa = PBXFrameworksBuildPhase;
			buildActionMask = 2147483647;
			files = (
				DC01BAD02239A448001FEA94 /* Pods_Bookbeep.framework in Frameworks */,
			);
			runOnlyForDeploymentPostprocessing = 0;
		};
/* End PBXFrameworksBuildPhase section */

/* Begin PBXGroup section */
		C0F83A3401E8D986F0751DB1 /* Frameworks */ = {
			isa = PBXGroup;
			children = (
				DC1DB9B7223836B500300224 /* XCTest.framework */,
				1C1B653CC5D5853B626E4D19 /* Pods_Bookbeep.framework */,
			);
			name = Frameworks;
			sourceTree = "<group>";
		};
		DC1DB9BE2238376600300224 /* BookbeepTests */ = {
			isa = PBXGroup;
			children = (
				DC1DB9BF2238376600300224 /* BookbeepTests.swift */,
				DC1DB9C12238376600300224 /* Info.plist */,
			);
			path = BookbeepTests;
			sourceTree = "<group>";
		};
		DC8951382233EFA700E33D14 = {
			isa = PBXGroup;
			children = (
				DC8951432233EFA700E33D14 /* Bookbeep */,
				DC1DB9BE2238376600300224 /* BookbeepTests */,
				DC8951422233EFA700E33D14 /* Products */,
				F112DB5A744E8A536B20E776 /* Pods */,
				C0F83A3401E8D986F0751DB1 /* Frameworks */,
			);
			sourceTree = "<group>";
		};
		DC8951422233EFA700E33D14 /* Products */ = {
			isa = PBXGroup;
			children = (
				DC8951412233EFA700E33D14 /* Bookbeep.app */,
				DC1DB9BD2238376600300224 /* BookbeepTests.xctest */,
			);
			name = Products;
			sourceTree = "<group>";
		};
		DC8951432233EFA700E33D14 /* Bookbeep */ = {
			isa = PBXGroup;
			children = (
				DC8951442233EFA700E33D14 /* AppDelegate.swift */,
				DC8951462233EFA700E33D14 /* ViewController.swift */,
				DC8951482233EFA700E33D14 /* Main.storyboard */,
				DC89514B2233EFA800E33D14 /* Assets.xcassets */,
				DC89514D2233EFA800E33D14 /* LaunchScreen.storyboard */,
				DC8951502233EFA800E33D14 /* Info.plist */,
				DC37003F22382A890039BFF0 /* Book.swift */,
				DC1DB9C8223841E300300224 /* BookTableViewCell.swift */,
				DC1DB9CA223847EE00300224 /* BookTableViewController.swift */,
			);
			path = Bookbeep;
			sourceTree = "<group>";
		};
		F112DB5A744E8A536B20E776 /* Pods */ = {
			isa = PBXGroup;
			children = (
				F8BAC41A7AD48333FB67CF57 /* Pods-Bookbeep.debug.xcconfig */,
				B21444EC86BB911CB1DC8FC2 /* Pods-Bookbeep.release.xcconfig */,
			);
			path = Pods;
			sourceTree = "<group>";
		};
/* End PBXGroup section */

/* Begin PBXNativeTarget section */
		DC1DB9BC2238376600300224 /* BookbeepTests */ = {
			isa = PBXNativeTarget;
			buildConfigurationList = DC1DB9C42238376600300224 /* Build configuration list for PBXNativeTarget "BookbeepTests" */;
			buildPhases = (
				DC1DB9B92238376600300224 /* Sources */,
				DC1DB9BA2238376600300224 /* Frameworks */,
				DC1DB9BB2238376600300224 /* Resources */,
			);
			buildRules = (
			);
			dependencies = (
				DC1DB9C32238376600300224 /* PBXTargetDependency */,
			);
			name = BookbeepTests;
			productName = BookbeepTests;
			productReference = DC1DB9BD2238376600300224 /* BookbeepTests.xctest */;
			productType = "com.apple.product-type.bundle.unit-test";
		};
		DC8951402233EFA700E33D14 /* Bookbeep */ = {
			isa = PBXNativeTarget;
			buildConfigurationList = DC8951532233EFA800E33D14 /* Build configuration list for PBXNativeTarget "Bookbeep" */;
			buildPhases = (
				E83395306F41FC26AE971F69 /* [CP] Check Pods Manifest.lock */,
				DC89513D2233EFA700E33D14 /* Sources */,
				DC89513E2233EFA700E33D14 /* Frameworks */,
				DC89513F2233EFA700E33D14 /* Resources */,
				9FC05307198E9F5D7994138F /* [CP] Embed Pods Frameworks */,
			);
			buildRules = (
			);
			dependencies = (
			);
			name = Bookbeep;
			productName = Bookbeep;
			productReference = DC8951412233EFA700E33D14 /* Bookbeep.app */;
			productType = "com.apple.product-type.application";
		};
/* End PBXNativeTarget section */

/* Begin PBXProject section */
		DC8951392233EFA700E33D14 /* Project object */ = {
			isa = PBXProject;
			attributes = {
				LastSwiftUpdateCheck = 1010;
				LastUpgradeCheck = 1010;
				ORGANIZATIONNAME = "Petteri Susi";
				TargetAttributes = {
					DC1DB9BC2238376600300224 = {
						CreatedOnToolsVersion = 10.1;
						TestTargetID = DC8951402233EFA700E33D14;
					};
					DC8951402233EFA700E33D14 = {
						CreatedOnToolsVersion = 10.1;
					};
				};
			};
			buildConfigurationList = DC89513C2233EFA700E33D14 /* Build configuration list for PBXProject "Bookbeep" */;
			compatibilityVersion = "Xcode 9.3";
			developmentRegion = en;
			hasScannedForEncodings = 0;
			knownRegions = (
				en,
				Base,
			);
			mainGroup = DC8951382233EFA700E33D14;
			productRefGroup = DC8951422233EFA700E33D14 /* Products */;
			projectDirPath = "";
			projectRoot = "";
			targets = (
				DC8951402233EFA700E33D14 /* Bookbeep */,
				DC1DB9BC2238376600300224 /* BookbeepTests */,
			);
		};
/* End PBXProject section */

/* Begin PBXResourcesBuildPhase section */
		DC1DB9BB2238376600300224 /* Resources */ = {
			isa = PBXResourcesBuildPhase;
			buildActionMask = 2147483647;
			files = (
			);
			runOnlyForDeploymentPostprocessing = 0;
		};
		DC89513F2233EFA700E33D14 /* Resources */ = {
			isa = PBXResourcesBuildPhase;
			buildActionMask = 2147483647;
			files = (
				DC89514F2233EFA800E33D14 /* LaunchScreen.storyboard in Resources */,
				DC89514C2233EFA800E33D14 /* Assets.xcassets in Resources */,
				DC89514A2233EFA700E33D14 /* Main.storyboard in Resources */,
			);
			runOnlyForDeploymentPostprocessing = 0;
		};
/* End PBXResourcesBuildPhase section */

/* Begin PBXShellScriptBuildPhase section */
		9FC05307198E9F5D7994138F /* [CP] Embed Pods Frameworks */ = {
			isa = PBXShellScriptBuildPhase;
			buildActionMask = 2147483647;
			files = (
			);
			inputFileListPaths = (
			);
			inputPaths = (
				"${PODS_ROOT}/Target Support Files/Pods-Bookbeep/Pods-Bookbeep-frameworks.sh",
				"${BUILT_PRODUCTS_DIR}/Alamofire/Alamofire.framework",
				"${BUILT_PRODUCTS_DIR}/Alamofire-SwiftyJSON/Alamofire_SwiftyJSON.framework",
				"${BUILT_PRODUCTS_DIR}/BarcodeScanner/BarcodeScanner.framework",
				"${BUILT_PRODUCTS_DIR}/SwiftyJSON/SwiftyJSON.framework",
			);
			name = "[CP] Embed Pods Frameworks";
			outputFileListPaths = (
			);
			outputPaths = (
				"${TARGET_BUILD_DIR}/${FRAMEWORKS_FOLDER_PATH}/Alamofire.framework",
				"${TARGET_BUILD_DIR}/${FRAMEWORKS_FOLDER_PATH}/Alamofire_SwiftyJSON.framework",
				"${TARGET_BUILD_DIR}/${FRAMEWORKS_FOLDER_PATH}/BarcodeScanner.framework",
				"${TARGET_BUILD_DIR}/${FRAMEWORKS_FOLDER_PATH}/SwiftyJSON.framework",
			);
			runOnlyForDeploymentPostprocessing = 0;
			shellPath = /bin/sh;
			shellScript = "\"${PODS_ROOT}/Target Support Files/Pods-Bookbeep/Pods-Bookbeep-frameworks.sh\"\n";
			showEnvVarsInLog = 0;
		};
		E83395306F41FC26AE971F69 /* [CP] Check Pods Manifest.lock */ = {
			isa = PBXShellScriptBuildPhase;
			buildActionMask = 2147483647;
			files = (
			);
			inputFileListPaths = (
			);
			inputPaths = (
				"${PODS_PODFILE_DIR_PATH}/Podfile.lock",
				"${PODS_ROOT}/Manifest.lock",
			);
			name = "[CP] Check Pods Manifest.lock";
			outputFileListPaths = (
			);
			outputPaths = (
				"$(DERIVED_FILE_DIR)/Pods-Bookbeep-checkManifestLockResult.txt",
			);
			runOnlyForDeploymentPostprocessing = 0;
			shellPath = /bin/sh;
			shellScript = "diff \"${PODS_PODFILE_DIR_PATH}/Podfile.lock\" \"${PODS_ROOT}/Manifest.lock\" > /dev/null\nif [ $? != 0 ] ; then\n    # print error to STDERR\n    echo \"error: The sandbox is not in sync with the Podfile.lock. Run 'pod install' or update your CocoaPods installation.\" >&2\n    exit 1\nfi\n# This output is used by Xcode 'outputs' to avoid re-running this script phase.\necho \"SUCCESS\" > \"${SCRIPT_OUTPUT_FILE_0}\"\n";
			showEnvVarsInLog = 0;
		};
/* End PBXShellScriptBuildPhase section */

/* Begin PBXSourcesBuildPhase section */
		DC1DB9B92238376600300224 /* Sources */ = {
			isa = PBXSourcesBuildPhase;
			buildActionMask = 2147483647;
			files = (
				DC1DB9C02238376600300224 /* BookbeepTests.swift in Sources */,
			);
			runOnlyForDeploymentPostprocessing = 0;
		};
		DC89513D2233EFA700E33D14 /* Sources */ = {
			isa = PBXSourcesBuildPhase;
			buildActionMask = 2147483647;
			files = (
				DC1DB9CB223847EE00300224 /* BookTableViewController.swift in Sources */,
				DC1DB9C9223841E300300224 /* BookTableViewCell.swift in Sources */,
				DC8951472233EFA700E33D14 /* ViewController.swift in Sources */,
				DC8951452233EFA700E33D14 /* AppDelegate.swift in Sources */,
				DC37004022382A890039BFF0 /* Book.swift in Sources */,
			);
			runOnlyForDeploymentPostprocessing = 0;
		};
/* End PBXSourcesBuildPhase section */

/* Begin PBXTargetDependency section */
		DC1DB9C32238376600300224 /* PBXTargetDependency */ = {
			isa = PBXTargetDependency;
			target = DC8951402233EFA700E33D14 /* Bookbeep */;
			targetProxy = DC1DB9C22238376600300224 /* PBXContainerItemProxy */;
		};
/* End PBXTargetDependency section */

/* Begin PBXVariantGroup section */
		DC8951482233EFA700E33D14 /* Main.storyboard */ = {
			isa = PBXVariantGroup;
			children = (
				DC8951492233EFA700E33D14 /* Base */,
			);
			name = Main.storyboard;
			sourceTree = "<group>";
		};
		DC89514D2233EFA800E33D14 /* LaunchScreen.storyboard */ = {
			isa = PBXVariantGroup;
			children = (
				DC89514E2233EFA800E33D14 /* Base */,
			);
			name = LaunchScreen.storyboard;
			sourceTree = "<group>";
		};
/* End PBXVariantGroup section */

/* Begin XCBuildConfiguration section */
		DC1DB9C52238376600300224 /* Debug */ = {
			isa = XCBuildConfiguration;
			buildSettings = {
				BUNDLE_LOADER = "$(TEST_HOST)";
				CODE_SIGN_STYLE = Automatic;
				DEVELOPMENT_TEAM = A59M27BWM2;
				INFOPLIST_FILE = BookbeepTests/Info.plist;
				LD_RUNPATH_SEARCH_PATHS = (
					"$(inherited)",
					"@executable_path/Frameworks",
					"@loader_path/Frameworks",
				);
				PRODUCT_BUNDLE_IDENTIFIER = fi.iki.susi.BookbeepTests;
				PRODUCT_NAME = "$(TARGET_NAME)";
				SWIFT_VERSION = 4.2;
				TARGETED_DEVICE_FAMILY = "1,2";
				TEST_HOST = "$(BUILT_PRODUCTS_DIR)/Bookbeep.app/Bookbeep";
			};
			name = Debug;
		};
		DC1DB9C62238376600300224 /* Release */ = {
			isa = XCBuildConfiguration;
			buildSettings = {
				BUNDLE_LOADER = "$(TEST_HOST)";
				CODE_SIGN_STYLE = Automatic;
				DEVELOPMENT_TEAM = A59M27BWM2;
				INFOPLIST_FILE = BookbeepTests/Info.plist;
				LD_RUNPATH_SEARCH_PATHS = (
					"$(inherited)",
					"@executable_path/Frameworks",
					"@loader_path/Frameworks",
				);
				PRODUCT_BUNDLE_IDENTIFIER = fi.iki.susi.BookbeepTests;
				PRODUCT_NAME = "$(TARGET_NAME)";
				SWIFT_VERSION = 4.2;
				TARGETED_DEVICE_FAMILY = "1,2";
				TEST_HOST = "$(BUILT_PRODUCTS_DIR)/Bookbeep.app/Bookbeep";
			};
			name = Release;
		};
		DC8951512233EFA800E33D14 /* Debug */ = {
			isa = XCBuildConfiguration;
			buildSettings = {
				ALWAYS_SEARCH_USER_PATHS = NO;
				CLANG_ANALYZER_NONNULL = YES;
				CLANG_ANALYZER_NUMBER_OBJECT_CONVERSION = YES_AGGRESSIVE;
				CLANG_CXX_LANGUAGE_STANDARD = "gnu++14";
				CLANG_CXX_LIBRARY = "libc++";
				CLANG_ENABLE_MODULES = YES;
				CLANG_ENABLE_OBJC_ARC = YES;
				CLANG_ENABLE_OBJC_WEAK = YES;
				CLANG_WARN_BLOCK_CAPTURE_AUTORELEASING = YES;
				CLANG_WARN_BOOL_CONVERSION = YES;
				CLANG_WARN_COMMA = YES;
				CLANG_WARN_CONSTANT_CONVERSION = YES;
				CLANG_WARN_DEPRECATED_OBJC_IMPLEMENTATIONS = YES;
				CLANG_WARN_DIRECT_OBJC_ISA_USAGE = YES_ERROR;
				CLANG_WARN_DOCUMENTATION_COMMENTS = YES;
				CLANG_WARN_EMPTY_BODY = YES;
				CLANG_WARN_ENUM_CONVERSION = YES;
				CLANG_WARN_INFINITE_RECURSION = YES;
				CLANG_WARN_INT_CONVERSION = YES;
				CLANG_WARN_NON_LITERAL_NULL_CONVERSION = YES;
				CLANG_WARN_OBJC_IMPLICIT_RETAIN_SELF = YES;
				CLANG_WARN_OBJC_LITERAL_CONVERSION = YES;
				CLANG_WARN_OBJC_ROOT_CLASS = YES_ERROR;
				CLANG_WARN_RANGE_LOOP_ANALYSIS = YES;
				CLANG_WARN_STRICT_PROTOTYPES = YES;
				CLANG_WARN_SUSPICIOUS_MOVE = YES;
				CLANG_WARN_UNGUARDED_AVAILABILITY = YES_AGGRESSIVE;
				CLANG_WARN_UNREACHABLE_CODE = YES;
				CLANG_WARN__DUPLICATE_METHOD_MATCH = YES;
				CODE_SIGN_IDENTITY = "iPhone Developer";
				COPY_PHASE_STRIP = NO;
				DEBUG_INFORMATION_FORMAT = dwarf;
				ENABLE_STRICT_OBJC_MSGSEND = YES;
				ENABLE_TESTABILITY = YES;
				GCC_C_LANGUAGE_STANDARD = gnu11;
				GCC_DYNAMIC_NO_PIC = NO;
				GCC_NO_COMMON_BLOCKS = YES;
				GCC_OPTIMIZATION_LEVEL = 0;
				GCC_PREPROCESSOR_DEFINITIONS = (
					"DEBUG=1",
					"$(inherited)",
				);
				GCC_WARN_64_TO_32_BIT_CONVERSION = YES;
				GCC_WARN_ABOUT_RETURN_TYPE = YES_ERROR;
				GCC_WARN_UNDECLARED_SELECTOR = YES;
				GCC_WARN_UNINITIALIZED_AUTOS = YES_AGGRESSIVE;
				GCC_WARN_UNUSED_FUNCTION = YES;
				GCC_WARN_UNUSED_VARIABLE = YES;
				IPHONEOS_DEPLOYMENT_TARGET = 12.1;
				MTL_ENABLE_DEBUG_INFO = INCLUDE_SOURCE;
				MTL_FAST_MATH = YES;
				ONLY_ACTIVE_ARCH = YES;
				SDKROOT = iphoneos;
				SWIFT_ACTIVE_COMPILATION_CONDITIONS = DEBUG;
				SWIFT_OPTIMIZATION_LEVEL = "-Onone";
			};
			name = Debug;
		};
		DC8951522233EFA800E33D14 /* Release */ = {
			isa = XCBuildConfiguration;
			buildSettings = {
				ALWAYS_SEARCH_USER_PATHS = NO;
				CLANG_ANALYZER_NONNULL = YES;
				CLANG_ANALYZER_NUMBER_OBJECT_CONVERSION = YES_AGGRESSIVE;
				CLANG_CXX_LANGUAGE_STANDARD = "gnu++14";
				CLANG_CXX_LIBRARY = "libc++";
				CLANG_ENABLE_MODULES = YES;
				CLANG_ENABLE_OBJC_ARC = YES;
				CLANG_ENABLE_OBJC_WEAK = YES;
				CLANG_WARN_BLOCK_CAPTURE_AUTORELEASING = YES;
				CLANG_WARN_BOOL_CONVERSION = YES;
				CLANG_WARN_COMMA = YES;
				CLANG_WARN_CONSTANT_CONVERSION = YES;
				CLANG_WARN_DEPRECATED_OBJC_IMPLEMENTATIONS = YES;
				CLANG_WARN_DIRECT_OBJC_ISA_USAGE = YES_ERROR;
				CLANG_WARN_DOCUMENTATION_COMMENTS = YES;
				CLANG_WARN_EMPTY_BODY = YES;
				CLANG_WARN_ENUM_CONVERSION = YES;
				CLANG_WARN_INFINITE_RECURSION = YES;
				CLANG_WARN_INT_CONVERSION = YES;
				CLANG_WARN_NON_LITERAL_NULL_CONVERSION = YES;
				CLANG_WARN_OBJC_IMPLICIT_RETAIN_SELF = YES;
				CLANG_WARN_OBJC_LITERAL_CONVERSION = YES;
				CLANG_WARN_OBJC_ROOT_CLASS = YES_ERROR;
				CLANG_WARN_RANGE_LOOP_ANALYSIS = YES;
				CLANG_WARN_STRICT_PROTOTYPES = YES;
				CLANG_WARN_SUSPICIOUS_MOVE = YES;
				CLANG_WARN_UNGUARDED_AVAILABILITY = YES_AGGRESSIVE;
				CLANG_WARN_UNREACHABLE_CODE = YES;
				CLANG_WARN__DUPLICATE_METHOD_MATCH = YES;
				CODE_SIGN_IDENTITY = "iPhone Developer";
				COPY_PHASE_STRIP = NO;
				DEBUG_INFORMATION_FORMAT = "dwarf-with-dsym";
				ENABLE_NS_ASSERTIONS = NO;
				ENABLE_STRICT_OBJC_MSGSEND = YES;
				GCC_C_LANGUAGE_STANDARD = gnu11;
				GCC_NO_COMMON_BLOCKS = YES;
				GCC_WARN_64_TO_32_BIT_CONVERSION = YES;
				GCC_WARN_ABOUT_RETURN_TYPE = YES_ERROR;
				GCC_WARN_UNDECLARED_SELECTOR = YES;
				GCC_WARN_UNINITIALIZED_AUTOS = YES_AGGRESSIVE;
				GCC_WARN_UNUSED_FUNCTION = YES;
				GCC_WARN_UNUSED_VARIABLE = YES;
				IPHONEOS_DEPLOYMENT_TARGET = 12.1;
				MTL_ENABLE_DEBUG_INFO = NO;
				MTL_FAST_MATH = YES;
				SDKROOT = iphoneos;
				SWIFT_COMPILATION_MODE = wholemodule;
				SWIFT_OPTIMIZATION_LEVEL = "-O";
				VALIDATE_PRODUCT = YES;
			};
			name = Release;
		};
		DC8951542233EFA800E33D14 /* Debug */ = {
			isa = XCBuildConfiguration;
			baseConfigurationReference = F8BAC41A7AD48333FB67CF57 /* Pods-Bookbeep.debug.xcconfig */;
			buildSettings = {
				ASSETCATALOG_COMPILER_APPICON_NAME = AppIcon;
				CODE_SIGN_IDENTITY = "iPhone Developer";
				CODE_SIGN_STYLE = Automatic;
				DEVELOPMENT_TEAM = A59M27BWM2;
				INFOPLIST_FILE = Bookbeep/Info.plist;
				LD_RUNPATH_SEARCH_PATHS = (
					"$(inherited)",
					"@executable_path/Frameworks",
				);
				PRODUCT_BUNDLE_IDENTIFIER = fi.iki.susi.Bookbeep;
				PRODUCT_NAME = "$(TARGET_NAME)";
				PROVISIONING_PROFILE_SPECIFIER = "";
				SWIFT_VERSION = 4.2;
				TARGETED_DEVICE_FAMILY = 1;
			};
			name = Debug;
		};
		DC8951552233EFA800E33D14 /* Release */ = {
			isa = XCBuildConfiguration;
			baseConfigurationReference = B21444EC86BB911CB1DC8FC2 /* Pods-Bookbeep.release.xcconfig */;
			buildSettings = {
				ASSETCATALOG_COMPILER_APPICON_NAME = AppIcon;
				CODE_SIGN_IDENTITY = "iPhone Developer";
				CODE_SIGN_STYLE = Automatic;
				DEVELOPMENT_TEAM = A59M27BWM2;
				INFOPLIST_FILE = Bookbeep/Info.plist;
				LD_RUNPATH_SEARCH_PATHS = (
					"$(inherited)",
					"@executable_path/Frameworks",
				);
				PRODUCT_BUNDLE_IDENTIFIER = fi.iki.susi.Bookbeep;
				PRODUCT_NAME = "$(TARGET_NAME)";
				PROVISIONING_PROFILE_SPECIFIER = "";
				SWIFT_VERSION = 4.2;
				TARGETED_DEVICE_FAMILY = 1;
			};
			name = Release;
		};
/* End XCBuildConfiguration section */

/* Begin XCConfigurationList section */
		DC1DB9C42238376600300224 /* Build configuration list for PBXNativeTarget "BookbeepTests" */ = {
			isa = XCConfigurationList;
			buildConfigurations = (
				DC1DB9C52238376600300224 /* Debug */,
				DC1DB9C62238376600300224 /* Release */,
			);
			defaultConfigurationIsVisible = 0;
			defaultConfigurationName = Release;
		};
		DC89513C2233EFA700E33D14 /* Build configuration list for PBXProject "Bookbeep" */ = {
			isa = XCConfigurationList;
			buildConfigurations = (
				DC8951512233EFA800E33D14 /* Debug */,
				DC8951522233EFA800E33D14 /* Release */,
			);
			defaultConfigurationIsVisible = 0;
			defaultConfigurationName = Release;
		};
		DC8951532233EFA800E33D14 /* Build configuration list for PBXNativeTarget "Bookbeep" */ = {
			isa = XCConfigurationList;
			buildConfigurations = (
				DC8951542233EFA800E33D14 /* Debug */,
				DC8951552233EFA800E33D14 /* Release */,
			);
			defaultConfigurationIsVisible = 0;
			defaultConfigurationName = Release;
		};
/* End XCConfigurationList section */
	};
	rootObject = DC8951392233EFA700E33D14 /* Project object */;
}
